
Microsoft Visual Studio Solution File, Format Version 12.00
# Visual Studio Version 17
VisualStudioVersion = 17.7.34221.43
MinimumVisualStudioVersion = 10.0.40219.1
Project("{F184B08F-C81C-45F6-A57F-5ABD9991F28F}") = "Presentacion", "Presentacion\Presentacion.vbproj", "{02590D68-E472-4E44-86C2-2D7893884DAC}"
EndProject
Project("{F184B08F-C81C-45F6-A57F-5ABD9991F28F}") = "Datos", "Datos\Datos.vbproj", "{019D2B72-CE06-4DC4-A33F-8522E13F9A7F}"
EndProject
Project("{F184B08F-C81C-45F6-A57F-5ABD9991F28F}") = "Negocio", "Negocio\Negocio.vbproj", "{1A31722F-505B-4DF4-AB1F-CE913540E143}"
EndProject
Project("{F184B08F-C81C-45F6-A57F-5ABD9991F28F}") = "Entidades", "Entidades\Entidades.vbproj", "{51735237-65E8-4C87-970C-32928070EB51}"
EndProject
Global
	GlobalSection(SolutionConfigurationPlatforms) = preSolution
		Debug|Any CPU = Debug|Any CPU
		Release|Any CPU = Release|Any CPU
	EndGlobalSection
	GlobalSection(ProjectConfigurationPlatforms) = postSolution
		{02590D68-E472-4E44-86C2-2D7893884DAC}.Debug|Any CPU.ActiveCfg = Debug|Any CPU
		{02590D68-E472-4E44-86C2-2D7893884DAC}.Debug|Any CPU.Build.0 = Debug|Any CPU
		{02590D68-E472-4E44-86C2-2D7893884DAC}.Release|Any CPU.ActiveCfg = Release|Any CPU
		{02590D68-E472-4E44-86C2-2D7893884DAC}.Release|Any CPU.Build.0 = Release|Any CPU
		{019D2B72-CE06-4DC4-A33F-8522E13F9A7F}.Debug|Any CPU.ActiveCfg = Debug|Any CPU
		{019D2B72-CE06-4DC4-A33F-8522E13F9A7F}.Debug|Any CPU.Build.0 = Debug|Any CPU
		{019D2B72-CE06-4DC4-A33F-8522E13F9A7F}.Release|Any CPU.ActiveCfg = Release|Any CPU
		{019D2B72-CE06-4DC4-A33F-8522E13F9A7F}.Release|Any CPU.Build.0 = Release|Any CPU
		{1A31722F-505B-4DF4-AB1F-CE913540E143}.Debug|Any CPU.ActiveCfg = Debug|Any CPU
		{1A31722F-505B-4DF4-AB1F-CE913540E143}.Debug|Any CPU.Build.0 = Debug|Any CPU
		{1A31722F-505B-4DF4-AB1F-CE913540E143}.Release|Any CPU.ActiveCfg = Release|Any CPU
		{1A31722F-505B-4DF4-AB1F-CE913540E143}.Release|Any CPU.Build.0 = Release|Any CPU
		{51735237-65E8-4C87-970C-32928070EB51}.Debug|Any CPU.ActiveCfg = Debug|Any CPU
		{51735237-65E8-4C87-970C-32928070EB51}.Debug|Any CPU.Build.0 = Debug|Any CPU
		{51735237-65E8-4C87-970C-32928070EB51}.Release|Any CPU.ActiveCfg = Release|Any CPU
		{51735237-65E8-4C87-970C-32928070EB51}.Release|Any CPU.Build.0 = Release|Any CPU
	EndGlobalSection
	GlobalSection(SolutionProperties) = preSolution
		HideSolutionNode = FALSE
	EndGlobalSection
	GlobalSection(ExtensibilityGlobals) = postSolution
		SolutionGuid = {9CD7B57E-CE4E-4C70-A371-238116F33B0A}
	EndGlobalSection
EndGlobal
